
Microsoft Visual Studio Solution File, Format Version 12.00
# Visual Studio Version 17
VisualStudioVersion = 17.5.33414.496
MinimumVisualStudioVersion = 10.0.40219.1
Project("{FAE04EC0-301F-11D3-BF4B-00C04F79EFBC}") = "Aula02", "Aula02.csproj", "{47EE795E-5260-4312-97BF-C9B5FEED62DB}"
EndProject
Global
	GlobalSection(SolutionConfigurationPlatforms) = preSolution
		Debug|Any CPU = Debug|Any CPU
		Release|Any CPU = Release|Any CPU
	EndGlobalSection
	GlobalSection(ProjectConfigurationPlatforms) = postSolution
		{47EE795E-5260-4312-97BF-C9B5FEED62DB}.Debug|Any CPU.ActiveCfg = Debug|Any CPU
		{47EE795E-5260-4312-97BF-C9B5FEED62DB}.Debug|Any CPU.Build.0 = Debug|Any CPU
		{47EE795E-5260-4312-97BF-C9B5FEED62DB}.Release|Any CPU.ActiveCfg = Release|Any CPU
		{47EE795E-5260-4312-97BF-C9B5FEED62DB}.Release|Any CPU.Build.0 = Release|Any CPU
	EndGlobalSection
	GlobalSection(SolutionProperties) = preSolution
		HideSolutionNode = FALSE
	EndGlobalSection
	GlobalSection(ExtensibilityGlobals) = postSolution
		SolutionGuid = {D467A694-68BE-4EDB-B567-850BD65CC4A7}
	EndGlobalSection
EndGlobal
